
Microsoft Visual Studio Solution File, Format Version 12.00
# Visual Studio Version 17
VisualStudioVersion = 17.10.35013.160
MinimumVisualStudioVersion = 10.0.40219.1
Project("{FAE04EC0-301F-11D3-BF4B-00C04F79EFBC}") = "Progetto Matteo Napoli", "Progetto Matteo Napoli.csproj", "{E8EDCDC8-A67B-41FC-AC06-DAADCCD071F2}"
EndProject
Global
	GlobalSection(SolutionConfigurationPlatforms) = preSolution
		Debug|Any CPU = Debug|Any CPU
		Release|Any CPU = Release|Any CPU
	EndGlobalSection
	GlobalSection(ProjectConfigurationPlatforms) = postSolution
		{E8EDCDC8-A67B-41FC-AC06-DAADCCD071F2}.Debug|Any CPU.ActiveCfg = Debug|Any CPU
		{E8EDCDC8-A67B-41FC-AC06-DAADCCD071F2}.Debug|Any CPU.Build.0 = Debug|Any CPU
		{E8EDCDC8-A67B-41FC-AC06-DAADCCD071F2}.Release|Any CPU.ActiveCfg = Release|Any CPU
		{E8EDCDC8-A67B-41FC-AC06-DAADCCD071F2}.Release|Any CPU.Build.0 = Release|Any CPU
	EndGlobalSection
	GlobalSection(SolutionProperties) = preSolution
		HideSolutionNode = FALSE
	EndGlobalSection
	GlobalSection(ExtensibilityGlobals) = postSolution
		SolutionGuid = {B2519AEF-4C83-4849-8305-E65B9BE83CB5}
	EndGlobalSection
EndGlobal
